
Microsoft Visual Studio Solution File, Format Version 12.00
# Visual Studio Version 16
VisualStudioVersion = 16.0.30907.101
MinimumVisualStudioVersion = 10.0.40219.1
Project("{FAE04EC0-301F-11D3-BF4B-00C04F79EFBC}") = "SalesTransaction", "SalesTransaction.csproj", "{8350AFDE-8C7A-42F8-9836-4125A2CA269A}"
EndProject
Global
	GlobalSection(SolutionConfigurationPlatforms) = preSolution
		Debug|Any CPU = Debug|Any CPU
		Release|Any CPU = Release|Any CPU
	EndGlobalSection
	GlobalSection(ProjectConfigurationPlatforms) = postSolution
		{8350AFDE-8C7A-42F8-9836-4125A2CA269A}.Debug|Any CPU.ActiveCfg = Debug|Any CPU
		{8350AFDE-8C7A-42F8-9836-4125A2CA269A}.Debug|Any CPU.Build.0 = Debug|Any CPU
		{8350AFDE-8C7A-42F8-9836-4125A2CA269A}.Release|Any CPU.ActiveCfg = Release|Any CPU
		{8350AFDE-8C7A-42F8-9836-4125A2CA269A}.Release|Any CPU.Build.0 = Release|Any CPU
	EndGlobalSection
	GlobalSection(SolutionProperties) = preSolution
		HideSolutionNode = FALSE
	EndGlobalSection
	GlobalSection(ExtensibilityGlobals) = postSolution
		SolutionGuid = {26A7272D-A3EF-4650-B2C9-671CB58D0226}
	EndGlobalSection
EndGlobal
