
Microsoft Visual Studio Solution File, Format Version 12.00
# Visual Studio Version 16
VisualStudioVersion = 16.0.30907.101
MinimumVisualStudioVersion = 10.0.40219.1
Project("{FAE04EC0-301F-11D3-BF4B-00C04F79EFBC}") = "Student", "Student.csproj", "{A58B2DA9-1BF1-4E91-9F3F-7FF2A0B808AF}"
EndProject
Global
	GlobalSection(SolutionConfigurationPlatforms) = preSolution
		Debug|Any CPU = Debug|Any CPU
		Release|Any CPU = Release|Any CPU
	EndGlobalSection
	GlobalSection(ProjectConfigurationPlatforms) = postSolution
		{A58B2DA9-1BF1-4E91-9F3F-7FF2A0B808AF}.Debug|Any CPU.ActiveCfg = Debug|Any CPU
		{A58B2DA9-1BF1-4E91-9F3F-7FF2A0B808AF}.Debug|Any CPU.Build.0 = Debug|Any CPU
		{A58B2DA9-1BF1-4E91-9F3F-7FF2A0B808AF}.Release|Any CPU.ActiveCfg = Release|Any CPU
		{A58B2DA9-1BF1-4E91-9F3F-7FF2A0B808AF}.Release|Any CPU.Build.0 = Release|Any CPU
	EndGlobalSection
	GlobalSection(SolutionProperties) = preSolution
		HideSolutionNode = FALSE
	EndGlobalSection
	GlobalSection(ExtensibilityGlobals) = postSolution
		SolutionGuid = {7EC216D1-3354-4FEE-BAFE-DA67D69DCCD5}
	EndGlobalSection
EndGlobal
