
Microsoft Visual Studio Solution File, Format Version 12.00
# Visual Studio Version 16
VisualStudioVersion = 16.0.30907.101
MinimumVisualStudioVersion = 10.0.40219.1
Project("{FAE04EC0-301F-11D3-BF4B-00C04F79EFBC}") = "Car", "Car.csproj", "{BDE44E6B-E6F9-40A1-9151-47E6E681AA26}"
EndProject
Global
	GlobalSection(SolutionConfigurationPlatforms) = preSolution
		Debug|Any CPU = Debug|Any CPU
		Release|Any CPU = Release|Any CPU
	EndGlobalSection
	GlobalSection(ProjectConfigurationPlatforms) = postSolution
		{BDE44E6B-E6F9-40A1-9151-47E6E681AA26}.Debug|Any CPU.ActiveCfg = Debug|Any CPU
		{BDE44E6B-E6F9-40A1-9151-47E6E681AA26}.Debug|Any CPU.Build.0 = Debug|Any CPU
		{BDE44E6B-E6F9-40A1-9151-47E6E681AA26}.Release|Any CPU.ActiveCfg = Release|Any CPU
		{BDE44E6B-E6F9-40A1-9151-47E6E681AA26}.Release|Any CPU.Build.0 = Release|Any CPU
	EndGlobalSection
	GlobalSection(SolutionProperties) = preSolution
		HideSolutionNode = FALSE
	EndGlobalSection
	GlobalSection(ExtensibilityGlobals) = postSolution
		SolutionGuid = {F2902230-186F-4E81-AFAF-8F5F1085C1F1}
	EndGlobalSection
EndGlobal
