
Microsoft Visual Studio Solution File, Format Version 12.00
# Visual Studio Version 16
VisualStudioVersion = 16.0.30907.101
MinimumVisualStudioVersion = 10.0.40219.1
Project("{FAE04EC0-301F-11D3-BF4B-00C04F79EFBC}") = "Circle", "Circle.csproj", "{F15094D3-75AE-4C37-A874-5BB894D2B701}"
EndProject
Global
	GlobalSection(SolutionConfigurationPlatforms) = preSolution
		Debug|Any CPU = Debug|Any CPU
		Release|Any CPU = Release|Any CPU
	EndGlobalSection
	GlobalSection(ProjectConfigurationPlatforms) = postSolution
		{F15094D3-75AE-4C37-A874-5BB894D2B701}.Debug|Any CPU.ActiveCfg = Debug|Any CPU
		{F15094D3-75AE-4C37-A874-5BB894D2B701}.Debug|Any CPU.Build.0 = Debug|Any CPU
		{F15094D3-75AE-4C37-A874-5BB894D2B701}.Release|Any CPU.ActiveCfg = Release|Any CPU
		{F15094D3-75AE-4C37-A874-5BB894D2B701}.Release|Any CPU.Build.0 = Release|Any CPU
	EndGlobalSection
	GlobalSection(SolutionProperties) = preSolution
		HideSolutionNode = FALSE
	EndGlobalSection
	GlobalSection(ExtensibilityGlobals) = postSolution
		SolutionGuid = {344A099E-DF66-4327-9FF7-DEFF071811FE}
	EndGlobalSection
EndGlobal
